{
    "_readme": [
        "This file locks the dependencies of your project to a known state",
        "Read more about it at https://getcomposer.org/doc/01-basic-usage.md#installing-dependencies",
        "This file is @generated automatically"
    ],
    "content-hash": "836497b7ce6fc8f6240935a753c78c55",
    "packages": [
        {
            "name": "ip2location/ip2location-php",
            "version": "9.8.0",
            "source": {
                "type": "git",
                "url": "https://github.com/chrislim2888/IP2Location-PHP-Module.git",
                "reference": "1cf3c4a20befd7d788cf0a088c5348146e136aa2"
            },
            "dist": {
                "type": "zip",
                "url": "https://api.github.com/repos/chrislim2888/IP2Location-PHP-Module/zipball/1cf3c4a20befd7d788cf0a088c5348146e136aa2",
                "reference": "1cf3c4a20befd7d788cf0a088c5348146e136aa2",
                "shasum": ""
            },
            "require": {
                "ext-bcmath": "*",
                "ext-curl": "*",
                "ext-json": "*",
                "php": ">=7.2"
            },
            "require-dev": {
                "phpunit/phpunit": "^9.5"
            },
            "type": "library",
            "autoload": {
                "psr-4": {
                    "IP2Location\\": "src"
                }
            },
            "notification-url": "https://packagist.org/downloads/",
            "license": [
                "MIT"
            ],
            "authors": [
                {
                    "name": "IP2Location",
                    "email": "support@ip2location.com",
                    "homepage": "https://www.ip2location.com"
                }
            ],
            "description": "[Official Release] IP2Location PHP API to get location info from IPv4 and IPv6 address.",
            "homepage": "https://www.ip2location.com",
            "keywords": [
                "area code",
                "geolocation",
                "ip geolocation",
                "ip2location",
                "ip2locationlite",
                "isp",
                "mcc",
                "mnc",
                "time zone",
                "usage type",
                "zip code"
            ],
            "support": {
                "issues": "https://github.com/chrislim2888/IP2Location-PHP-Module/issues",
                "source": "https://github.com/chrislim2888/IP2Location-PHP-Module/tree/9.8.0"
            },
            "time": "2025-09-02T02:28:52+00:00"
        }
    ],
    "packages-dev": [],
    "aliases": [],
    "minimum-stability": "stable",
    "stability-flags": [],
    "prefer-stable": false,
    "prefer-lowest": false,
    "platform": [],
    "platform-dev": [],
    "plugin-api-version": "2.1.0"
}
